
Microsoft Visual Studio Solution File, Format Version 12.00
# Visual Studio Version 17
VisualStudioVersion = 17.9.34902.65
MinimumVisualStudioVersion = 10.0.40219.1
Project("{FAE04EC0-301F-11D3-BF4B-00C04F79EFBC}") = "Listrace.MVC", "Listrace.MVC\Listrace.MVC.csproj", "{4268F5DE-DB33-4CBF-B7A3-A64546C0A16D}"
EndProject
Project("{FAE04EC0-301F-11D3-BF4B-00C04F79EFBC}") = "Listrace.DAL", "Listrace.DAL\Listrace.DAL.csproj", "{F656CC73-3BDD-4199-9D44-D61700CBD0FE}"
EndProject
Project("{FAE04EC0-301F-11D3-BF4B-00C04F79EFBC}") = "Listrace.BL", "Listrace.BL\Listrace.BL.csproj", "{90D6792E-9C06-4CC6-8765-9900376078EB}"
EndProject
Global
	GlobalSection(SolutionConfigurationPlatforms) = preSolution
		Debug|Any CPU = Debug|Any CPU
		Release|Any CPU = Release|Any CPU
	EndGlobalSection
	GlobalSection(ProjectConfigurationPlatforms) = postSolution
		{4268F5DE-DB33-4CBF-B7A3-A64546C0A16D}.Debug|Any CPU.ActiveCfg = Debug|Any CPU
		{4268F5DE-DB33-4CBF-B7A3-A64546C0A16D}.Debug|Any CPU.Build.0 = Debug|Any CPU
		{4268F5DE-DB33-4CBF-B7A3-A64546C0A16D}.Release|Any CPU.ActiveCfg = Release|Any CPU
		{4268F5DE-DB33-4CBF-B7A3-A64546C0A16D}.Release|Any CPU.Build.0 = Release|Any CPU
		{F656CC73-3BDD-4199-9D44-D61700CBD0FE}.Debug|Any CPU.ActiveCfg = Debug|Any CPU
		{F656CC73-3BDD-4199-9D44-D61700CBD0FE}.Debug|Any CPU.Build.0 = Debug|Any CPU
		{F656CC73-3BDD-4199-9D44-D61700CBD0FE}.Release|Any CPU.ActiveCfg = Release|Any CPU
		{F656CC73-3BDD-4199-9D44-D61700CBD0FE}.Release|Any CPU.Build.0 = Release|Any CPU
		{90D6792E-9C06-4CC6-8765-9900376078EB}.Debug|Any CPU.ActiveCfg = Debug|Any CPU
		{90D6792E-9C06-4CC6-8765-9900376078EB}.Debug|Any CPU.Build.0 = Debug|Any CPU
		{90D6792E-9C06-4CC6-8765-9900376078EB}.Release|Any CPU.ActiveCfg = Release|Any CPU
		{90D6792E-9C06-4CC6-8765-9900376078EB}.Release|Any CPU.Build.0 = Release|Any CPU
	EndGlobalSection
	GlobalSection(SolutionProperties) = preSolution
		HideSolutionNode = FALSE
	EndGlobalSection
	GlobalSection(ExtensibilityGlobals) = postSolution
		SolutionGuid = {5B2982EC-03C8-4031-BD14-4206F8BBCF90}
	EndGlobalSection
EndGlobal
