
Microsoft Visual Studio Solution File, Format Version 12.00
# Visual Studio Version 17
VisualStudioVersion = 17.11.35312.102
MinimumVisualStudioVersion = 10.0.40219.1
Project("{FAE04EC0-301F-11D3-BF4B-00C04F79EFBC}") = "MICO.MVC", "MICO.MVC\MICO.MVC.csproj", "{879F0C91-6932-4370-A96C-9FE75A88C3C9}"
EndProject
Project("{FAE04EC0-301F-11D3-BF4B-00C04F79EFBC}") = "MICO.DAL", "MICO.DAL\MICO.DAL.csproj", "{C3793AC2-0428-439C-86C8-17A67EA3C9AF}"
EndProject
Project("{FAE04EC0-301F-11D3-BF4B-00C04F79EFBC}") = "MICO.BL", "MICO.BL\MICO.BL.csproj", "{B90DA65D-B6CC-4716-A602-38EED340DA43}"
EndProject
Global
	GlobalSection(SolutionConfigurationPlatforms) = preSolution
		Debug|Any CPU = Debug|Any CPU
		Release|Any CPU = Release|Any CPU
	EndGlobalSection
	GlobalSection(ProjectConfigurationPlatforms) = postSolution
		{879F0C91-6932-4370-A96C-9FE75A88C3C9}.Debug|Any CPU.ActiveCfg = Debug|Any CPU
		{879F0C91-6932-4370-A96C-9FE75A88C3C9}.Debug|Any CPU.Build.0 = Debug|Any CPU
		{879F0C91-6932-4370-A96C-9FE75A88C3C9}.Release|Any CPU.ActiveCfg = Release|Any CPU
		{879F0C91-6932-4370-A96C-9FE75A88C3C9}.Release|Any CPU.Build.0 = Release|Any CPU
		{C3793AC2-0428-439C-86C8-17A67EA3C9AF}.Debug|Any CPU.ActiveCfg = Debug|Any CPU
		{C3793AC2-0428-439C-86C8-17A67EA3C9AF}.Debug|Any CPU.Build.0 = Debug|Any CPU
		{C3793AC2-0428-439C-86C8-17A67EA3C9AF}.Release|Any CPU.ActiveCfg = Release|Any CPU
		{C3793AC2-0428-439C-86C8-17A67EA3C9AF}.Release|Any CPU.Build.0 = Release|Any CPU
		{B90DA65D-B6CC-4716-A602-38EED340DA43}.Debug|Any CPU.ActiveCfg = Debug|Any CPU
		{B90DA65D-B6CC-4716-A602-38EED340DA43}.Debug|Any CPU.Build.0 = Debug|Any CPU
		{B90DA65D-B6CC-4716-A602-38EED340DA43}.Release|Any CPU.ActiveCfg = Release|Any CPU
		{B90DA65D-B6CC-4716-A602-38EED340DA43}.Release|Any CPU.Build.0 = Release|Any CPU
	EndGlobalSection
	GlobalSection(SolutionProperties) = preSolution
		HideSolutionNode = FALSE
	EndGlobalSection
	GlobalSection(ExtensibilityGlobals) = postSolution
		SolutionGuid = {88EA0A42-4199-4632-9368-BC1945BD15DA}
	EndGlobalSection
EndGlobal
